
Microsoft Visual Studio Solution File, Format Version 12.00
# Visual Studio Version 17
VisualStudioVersion = 17.7.34024.191
MinimumVisualStudioVersion = 10.0.40219.1
Project("{9A19103F-16F7-4668-BE54-9A1E7A4F7556}") = "ORM{1_21}", "ORM{1_21}.csproj", "{3D3C03BF-6EFE-4C92-9A91-FCEDA1823DC4}"
EndProject
Project("{FAE04EC0-301F-11D3-BF4B-00C04F79EFBC}") = "Ttest", "..\Ttest\Ttest.csproj", "{66728A11-F194-40E0-88FB-5DF24A2F622B}"
	ProjectSection(ProjectDependencies) = postProject
		{3D3C03BF-6EFE-4C92-9A91-FCEDA1823DC4} = {3D3C03BF-6EFE-4C92-9A91-FCEDA1823DC4}
	EndProjectSection
EndProject
Global
	GlobalSection(SolutionConfigurationPlatforms) = preSolution
		Debug|Any CPU = Debug|Any CPU
		Release|Any CPU = Release|Any CPU
	EndGlobalSection
	GlobalSection(ProjectConfigurationPlatforms) = postSolution
		{3D3C03BF-6EFE-4C92-9A91-FCEDA1823DC4}.Debug|Any CPU.ActiveCfg = Debug|Any CPU
		{3D3C03BF-6EFE-4C92-9A91-FCEDA1823DC4}.Debug|Any CPU.Build.0 = Debug|Any CPU
		{3D3C03BF-6EFE-4C92-9A91-FCEDA1823DC4}.Release|Any CPU.ActiveCfg = Release|Any CPU
		{3D3C03BF-6EFE-4C92-9A91-FCEDA1823DC4}.Release|Any CPU.Build.0 = Release|Any CPU
		{66728A11-F194-40E0-88FB-5DF24A2F622B}.Debug|Any CPU.ActiveCfg = Debug|Any CPU
		{66728A11-F194-40E0-88FB-5DF24A2F622B}.Debug|Any CPU.Build.0 = Debug|Any CPU
		{66728A11-F194-40E0-88FB-5DF24A2F622B}.Release|Any CPU.ActiveCfg = Release|Any CPU
		{66728A11-F194-40E0-88FB-5DF24A2F622B}.Release|Any CPU.Build.0 = Release|Any CPU
	EndGlobalSection
	GlobalSection(SolutionProperties) = preSolution
		HideSolutionNode = FALSE
	EndGlobalSection
	GlobalSection(ExtensibilityGlobals) = postSolution
		SolutionGuid = {F8AFE83F-4A62-46EA-93BA-F7F7D6DDA4E2}
	EndGlobalSection
EndGlobal
