
Microsoft Visual Studio Solution File, Format Version 12.00
# Visual Studio Version 17
VisualStudioVersion = 17.7.34202.233
MinimumVisualStudioVersion = 10.0.40219.1
Project("{9A19103F-16F7-4668-BE54-9A1E7A4F7556}") = "ORM{1_21}", "ORM{1_21}.csproj", "{3D3C03BF-6EFE-4C92-9A91-FCEDA1823DC4}"
EndProject
Project("{FAE04EC0-301F-11D3-BF4B-00C04F79EFBC}") = "TestPostgres", "TestPostgres\TestPostgres.csproj", "{E1ED8121-A37D-4065-9612-84C4A872E6A5}"
EndProject
Project("{FAE04EC0-301F-11D3-BF4B-00C04F79EFBC}") = "TestLibrary", "TestLibrary\TestLibrary.csproj", "{AF9674F0-EDF4-468A-8CA2-9F7BC78113FF}"
EndProject
Project("{FAE04EC0-301F-11D3-BF4B-00C04F79EFBC}") = "Example", "Example\Example.csproj", "{BF4E8445-579A-49BA-8B93-D7B540B98A79}"
EndProject
Project("{FAE04EC0-301F-11D3-BF4B-00C04F79EFBC}") = "TestGeo", "..\TestGeo\TestGeo.csproj", "{3904086F-065F-4C8C-8B97-7D2F6C14E598}"
EndProject
Project("{FAE04EC0-301F-11D3-BF4B-00C04F79EFBC}") = "TestMysqlJson", "..\TestMysqlJson\TestMysqlJson.csproj", "{79B0C3A8-92CA-42A4-8905-72F079C926C5}"
EndProject
Global
	GlobalSection(SolutionConfigurationPlatforms) = preSolution
		Debug|Any CPU = Debug|Any CPU
		Release|Any CPU = Release|Any CPU
	EndGlobalSection
	GlobalSection(ProjectConfigurationPlatforms) = postSolution
		{3D3C03BF-6EFE-4C92-9A91-FCEDA1823DC4}.Debug|Any CPU.ActiveCfg = Debug|Any CPU
		{3D3C03BF-6EFE-4C92-9A91-FCEDA1823DC4}.Debug|Any CPU.Build.0 = Debug|Any CPU
		{3D3C03BF-6EFE-4C92-9A91-FCEDA1823DC4}.Release|Any CPU.ActiveCfg = Release|Any CPU
		{3D3C03BF-6EFE-4C92-9A91-FCEDA1823DC4}.Release|Any CPU.Build.0 = Release|Any CPU
		{E1ED8121-A37D-4065-9612-84C4A872E6A5}.Debug|Any CPU.ActiveCfg = Debug|Any CPU
		{E1ED8121-A37D-4065-9612-84C4A872E6A5}.Debug|Any CPU.Build.0 = Debug|Any CPU
		{E1ED8121-A37D-4065-9612-84C4A872E6A5}.Release|Any CPU.ActiveCfg = Release|Any CPU
		{E1ED8121-A37D-4065-9612-84C4A872E6A5}.Release|Any CPU.Build.0 = Release|Any CPU
		{AF9674F0-EDF4-468A-8CA2-9F7BC78113FF}.Debug|Any CPU.ActiveCfg = Debug|Any CPU
		{AF9674F0-EDF4-468A-8CA2-9F7BC78113FF}.Debug|Any CPU.Build.0 = Debug|Any CPU
		{AF9674F0-EDF4-468A-8CA2-9F7BC78113FF}.Release|Any CPU.ActiveCfg = Release|Any CPU
		{AF9674F0-EDF4-468A-8CA2-9F7BC78113FF}.Release|Any CPU.Build.0 = Release|Any CPU
		{BF4E8445-579A-49BA-8B93-D7B540B98A79}.Debug|Any CPU.ActiveCfg = Debug|Any CPU
		{BF4E8445-579A-49BA-8B93-D7B540B98A79}.Debug|Any CPU.Build.0 = Debug|Any CPU
		{BF4E8445-579A-49BA-8B93-D7B540B98A79}.Release|Any CPU.ActiveCfg = Release|Any CPU
		{BF4E8445-579A-49BA-8B93-D7B540B98A79}.Release|Any CPU.Build.0 = Release|Any CPU
		{3904086F-065F-4C8C-8B97-7D2F6C14E598}.Debug|Any CPU.ActiveCfg = Debug|Any CPU
		{3904086F-065F-4C8C-8B97-7D2F6C14E598}.Debug|Any CPU.Build.0 = Debug|Any CPU
		{3904086F-065F-4C8C-8B97-7D2F6C14E598}.Release|Any CPU.ActiveCfg = Release|Any CPU
		{3904086F-065F-4C8C-8B97-7D2F6C14E598}.Release|Any CPU.Build.0 = Release|Any CPU
		{79B0C3A8-92CA-42A4-8905-72F079C926C5}.Debug|Any CPU.ActiveCfg = Debug|Any CPU
		{79B0C3A8-92CA-42A4-8905-72F079C926C5}.Debug|Any CPU.Build.0 = Debug|Any CPU
		{79B0C3A8-92CA-42A4-8905-72F079C926C5}.Release|Any CPU.ActiveCfg = Release|Any CPU
		{79B0C3A8-92CA-42A4-8905-72F079C926C5}.Release|Any CPU.Build.0 = Release|Any CPU
	EndGlobalSection
	GlobalSection(SolutionProperties) = preSolution
		HideSolutionNode = FALSE
	EndGlobalSection
	GlobalSection(ExtensibilityGlobals) = postSolution
		SolutionGuid = {F8AFE83F-4A62-46EA-93BA-F7F7D6DDA4E2}
	EndGlobalSection
EndGlobal
